// !$*UTF8*$!
{
	archiveVersion = 1;
	classes = {
	};
	objectVersion = 55;
	objects = {

/* Begin PBXBuildFile section */
		CE750C9627E6111E00ABD4E3 /* ReviewViewController.swift in Sources */ = {isa = PBXBuildFile; fileRef = CE750C9527E6111E00ABD4E3 /* ReviewViewController.swift */; };
		CE750C9F27E615EF00ABD4E3 /* Review+CoreDataClass.swift in Sources */ = {isa = PBXBuildFile; fileRef = CE750C9D27E615EF00ABD4E3 /* Review+CoreDataClass.swift */; };
		CE750CA027E615EF00ABD4E3 /* Review+CoreDataProperties.swift in Sources */ = {isa = PBXBuildFile; fileRef = CE750C9E27E615EF00ABD4E3 /* Review+CoreDataProperties.swift */; };
		CECD8CEE27E4EF8B0096ACBB /* AppDelegate.swift in Sources */ = {isa = PBXBuildFile; fileRef = CECD8CED27E4EF8B0096ACBB /* AppDelegate.swift */; };
		CECD8CF027E4EF8B0096ACBB /* SceneDelegate.swift in Sources */ = {isa = PBXBuildFile; fileRef = CECD8CEF27E4EF8B0096ACBB /* SceneDelegate.swift */; };
		CECD8CF227E4EF8B0096ACBB /* ViewController.swift in Sources */ = {isa = PBXBuildFile; fileRef = CECD8CF127E4EF8B0096ACBB /* ViewController.swift */; };
		CECD8CF527E4EF8B0096ACBB /* Main.storyboard in Resources */ = {isa = PBXBuildFile; fileRef = CECD8CF327E4EF8B0096ACBB /* Main.storyboard */; };
		CECD8CF827E4EF8B0096ACBB /* WeGoTrip.xcdatamodeld in Sources */ = {isa = PBXBuildFile; fileRef = CECD8CF627E4EF8B0096ACBB /* WeGoTrip.xcdatamodeld */; };
		CECD8CFA27E4EF8F0096ACBB /* Assets.xcassets in Resources */ = {isa = PBXBuildFile; fileRef = CECD8CF927E4EF8F0096ACBB /* Assets.xcassets */; };
		CECD8CFD27E4EF8F0096ACBB /* LaunchScreen.storyboard in Resources */ = {isa = PBXBuildFile; fileRef = CECD8CFB27E4EF8F0096ACBB /* LaunchScreen.storyboard */; };
		CECD8D0527E4F2580096ACBB /* RateViewController.swift in Sources */ = {isa = PBXBuildFile; fileRef = CECD8D0427E4F2580096ACBB /* RateViewController.swift */; };
/* End PBXBuildFile section */

/* Begin PBXFileReference section */
		CE750C9527E6111E00ABD4E3 /* ReviewViewController.swift */ = {isa = PBXFileReference; lastKnownFileType = sourcecode.swift; path = ReviewViewController.swift; sourceTree = "<group>"; };
		CE750C9D27E615EF00ABD4E3 /* Review+CoreDataClass.swift */ = {isa = PBXFileReference; lastKnownFileType = sourcecode.swift; path = "Review+CoreDataClass.swift"; sourceTree = SOURCE_ROOT; };
		CE750C9E27E615EF00ABD4E3 /* Review+CoreDataProperties.swift */ = {isa = PBXFileReference; lastKnownFileType = sourcecode.swift; path = "Review+CoreDataProperties.swift"; sourceTree = SOURCE_ROOT; };
		CECD8CEA27E4EF8B0096ACBB /* WeGoTrip.app */ = {isa = PBXFileReference; explicitFileType = wrapper.application; includeInIndex = 0; path = WeGoTrip.app; sourceTree = BUILT_PRODUCTS_DIR; };
		CECD8CED27E4EF8B0096ACBB /* AppDelegate.swift */ = {isa = PBXFileReference; lastKnownFileType = sourcecode.swift; path = AppDelegate.swift; sourceTree = "<group>"; };
		CECD8CEF27E4EF8B0096ACBB /* SceneDelegate.swift */ = {isa = PBXFileReference; lastKnownFileType = sourcecode.swift; path = SceneDelegate.swift; sourceTree = "<group>"; };
		CECD8CF127E4EF8B0096ACBB /* ViewController.swift */ = {isa = PBXFileReference; lastKnownFileType = sourcecode.swift; path = ViewController.swift; sourceTree = "<group>"; };
		CECD8CF427E4EF8B0096ACBB /* Base */ = {isa = PBXFileReference; lastKnownFileType = file.storyboard; name = Base; path = Base.lproj/Main.storyboard; sourceTree = "<group>"; };
		CECD8CF727E4EF8B0096ACBB /* WeGoTrip.xcdatamodel */ = {isa = PBXFileReference; lastKnownFileType = wrapper.xcdatamodel; path = WeGoTrip.xcdatamodel; sourceTree = "<group>"; };
		CECD8CF927E4EF8F0096ACBB /* Assets.xcassets */ = {isa = PBXFileReference; lastKnownFileType = folder.assetcatalog; path = Assets.xcassets; sourceTree = "<group>"; };
		CECD8CFC27E4EF8F0096ACBB /* Base */ = {isa = PBXFileReference; lastKnownFileType = file.storyboard; name = Base; path = Base.lproj/LaunchScreen.storyboard; sourceTree = "<group>"; };
		CECD8CFE27E4EF8F0096ACBB /* Info.plist */ = {isa = PBXFileReference; lastKnownFileType = text.plist.xml; path = Info.plist; sourceTree = "<group>"; };
		CECD8D0427E4F2580096ACBB /* RateViewController.swift */ = {isa = PBXFileReference; lastKnownFileType = sourcecode.swift; path = RateViewController.swift; sourceTree = "<group>"; };
/* End PBXFileReference section */

/* Begin PBXFrameworksBuildPhase section */
		CECD8CE727E4EF8B0096ACBB /* Frameworks */ = {
			isa = PBXFrameworksBuildPhase;
			buildActionMask = 2147483647;
			files = (
			);
			runOnlyForDeploymentPostprocessing = 0;
		};
/* End PBXFrameworksBuildPhase section */

/* Begin PBXGroup section */
		CECD8CE127E4EF8B0096ACBB = {
			isa = PBXGroup;
			children = (
				CECD8CEC27E4EF8B0096ACBB /* WeGoTrip */,
				CECD8CEB27E4EF8B0096ACBB /* Products */,
			);
			sourceTree = "<group>";
		};
		CECD8CEB27E4EF8B0096ACBB /* Products */ = {
			isa = PBXGroup;
			children = (
				CECD8CEA27E4EF8B0096ACBB /* WeGoTrip.app */,
			);
			name = Products;
			sourceTree = "<group>";
		};
		CECD8CEC27E4EF8B0096ACBB /* WeGoTrip */ = {
			isa = PBXGroup;
			children = (
				CE750C9D27E615EF00ABD4E3 /* Review+CoreDataClass.swift */,
				CE750C9E27E615EF00ABD4E3 /* Review+CoreDataProperties.swift */,
				CECD8CED27E4EF8B0096ACBB /* AppDelegate.swift */,
				CECD8CEF27E4EF8B0096ACBB /* SceneDelegate.swift */,
				CECD8CF127E4EF8B0096ACBB /* ViewController.swift */,
				CECD8CF327E4EF8B0096ACBB /* Main.storyboard */,
				CECD8CF927E4EF8F0096ACBB /* Assets.xcassets */,
				CECD8CFB27E4EF8F0096ACBB /* LaunchScreen.storyboard */,
				CECD8CFE27E4EF8F0096ACBB /* Info.plist */,
				CECD8CF627E4EF8B0096ACBB /* WeGoTrip.xcdatamodeld */,
				CECD8D0427E4F2580096ACBB /* RateViewController.swift */,
				CE750C9527E6111E00ABD4E3 /* ReviewViewController.swift */,
			);
			path = WeGoTrip;
			sourceTree = "<group>";
		};
/* End PBXGroup section */

/* Begin PBXNativeTarget section */
		CECD8CE927E4EF8B0096ACBB /* WeGoTrip */ = {
			isa = PBXNativeTarget;
			buildConfigurationList = CECD8D0127E4EF8F0096ACBB /* Build configuration list for PBXNativeTarget "WeGoTrip" */;
			buildPhases = (
				CECD8CE627E4EF8B0096ACBB /* Sources */,
				CECD8CE727E4EF8B0096ACBB /* Frameworks */,
				CECD8CE827E4EF8B0096ACBB /* Resources */,
			);
			buildRules = (
			);
			dependencies = (
			);
			name = WeGoTrip;
			productName = WeGoTrip;
			productReference = CECD8CEA27E4EF8B0096ACBB /* WeGoTrip.app */;
			productType = "com.apple.product-type.application";
		};
/* End PBXNativeTarget section */

/* Begin PBXProject section */
		CECD8CE227E4EF8B0096ACBB /* Project object */ = {
			isa = PBXProject;
			attributes = {
				BuildIndependentTargetsInParallel = 1;
				LastSwiftUpdateCheck = 1320;
				LastUpgradeCheck = 1320;
				TargetAttributes = {
					CECD8CE927E4EF8B0096ACBB = {
						CreatedOnToolsVersion = 13.2.1;
					};
				};
			};
			buildConfigurationList = CECD8CE527E4EF8B0096ACBB /* Build configuration list for PBXProject "WeGoTrip" */;
			compatibilityVersion = "Xcode 13.0";
			developmentRegion = en;
			hasScannedForEncodings = 0;
			knownRegions = (
				en,
				Base,
			);
			mainGroup = CECD8CE127E4EF8B0096ACBB;
			productRefGroup = CECD8CEB27E4EF8B0096ACBB /* Products */;
			projectDirPath = "";
			projectRoot = "";
			targets = (
				CECD8CE927E4EF8B0096ACBB /* WeGoTrip */,
			);
		};
/* End PBXProject section */

/* Begin PBXResourcesBuildPhase section */
		CECD8CE827E4EF8B0096ACBB /* Resources */ = {
			isa = PBXResourcesBuildPhase;
			buildActionMask = 2147483647;
			files = (
				CECD8CFD27E4EF8F0096ACBB /* LaunchScreen.storyboard in Resources */,
				CECD8CFA27E4EF8F0096ACBB /* Assets.xcassets in Resources */,
				CECD8CF527E4EF8B0096ACBB /* Main.storyboard in Resources */,
			);
			runOnlyForDeploymentPostprocessing = 0;
		};
/* End PBXResourcesBuildPhase section */

/* Begin PBXSourcesBuildPhase section */
		CECD8CE627E4EF8B0096ACBB /* Sources */ = {
			isa = PBXSourcesBuildPhase;
			buildActionMask = 2147483647;
			files = (
				CECD8CF227E4EF8B0096ACBB /* ViewController.swift in Sources */,
				CECD8CEE27E4EF8B0096ACBB /* AppDelegate.swift in Sources */,
				CE750C9F27E615EF00ABD4E3 /* Review+CoreDataClass.swift in Sources */,
				CE750C9627E6111E00ABD4E3 /* ReviewViewController.swift in Sources */,
				CECD8CF827E4EF8B0096ACBB /* WeGoTrip.xcdatamodeld in Sources */,
				CECD8D0527E4F2580096ACBB /* RateViewController.swift in Sources */,
				CECD8CF027E4EF8B0096ACBB /* SceneDelegate.swift in Sources */,
				CE750CA027E615EF00ABD4E3 /* Review+CoreDataProperties.swift in Sources */,
			);
			runOnlyForDeploymentPostprocessing = 0;
		};
/* End PBXSourcesBuildPhase section */

/* Begin PBXVariantGroup section */
		CECD8CF327E4EF8B0096ACBB /* Main.storyboard */ = {
			isa = PBXVariantGroup;
			children = (
				CECD8CF427E4EF8B0096ACBB /* Base */,
			);
			name = Main.storyboard;
			sourceTree = "<group>";
		};
		CECD8CFB27E4EF8F0096ACBB /* LaunchScreen.storyboard */ = {
			isa = PBXVariantGroup;
			children = (
				CECD8CFC27E4EF8F0096ACBB /* Base */,
			);
			name = LaunchScreen.storyboard;
			sourceTree = "<group>";
		};
/* End PBXVariantGroup section */

/* Begin XCBuildConfiguration section */
		CECD8CFF27E4EF8F0096ACBB /* Debug */ = {
			isa = XCBuildConfiguration;
			buildSettings = {
				ALWAYS_SEARCH_USER_PATHS = NO;
				CLANG_ANALYZER_NONNULL = YES;
				CLANG_ANALYZER_NUMBER_OBJECT_CONVERSION = YES_AGGRESSIVE;
				CLANG_CXX_LANGUAGE_STANDARD = "gnu++17";
				CLANG_CXX_LIBRARY = "libc++";
				CLANG_ENABLE_MODULES = YES;
				CLANG_ENABLE_OBJC_ARC = YES;
				CLANG_ENABLE_OBJC_WEAK = YES;
				CLANG_WARN_BLOCK_CAPTURE_AUTORELEASING = YES;
				CLANG_WARN_BOOL_CONVERSION = YES;
				CLANG_WARN_COMMA = YES;
				CLANG_WARN_CONSTANT_CONVERSION = YES;
				CLANG_WARN_DEPRECATED_OBJC_IMPLEMENTATIONS = YES;
				CLANG_WARN_DIRECT_OBJC_ISA_USAGE = YES_ERROR;
				CLANG_WARN_DOCUMENTATION_COMMENTS = YES;
				CLANG_WARN_EMPTY_BODY = YES;
				CLANG_WARN_ENUM_CONVERSION = YES;
				CLANG_WARN_INFINITE_RECURSION = YES;
				CLANG_WARN_INT_CONVERSION = YES;
				CLANG_WARN_NON_LITERAL_NULL_CONVERSION = YES;
				CLANG_WARN_OBJC_IMPLICIT_RETAIN_SELF = YES;
				CLANG_WARN_OBJC_LITERAL_CONVERSION = YES;
				CLANG_WARN_OBJC_ROOT_CLASS = YES_ERROR;
				CLANG_WARN_QUOTED_INCLUDE_IN_FRAMEWORK_HEADER = YES;
				CLANG_WARN_RANGE_LOOP_ANALYSIS = YES;
				CLANG_WARN_STRICT_PROTOTYPES = YES;
				CLANG_WARN_SUSPICIOUS_MOVE = YES;
				CLANG_WARN_UNGUARDED_AVAILABILITY = YES_AGGRESSIVE;
				CLANG_WARN_UNREACHABLE_CODE = YES;
				CLANG_WARN__DUPLICATE_METHOD_MATCH = YES;
				COPY_PHASE_STRIP = NO;
				DEBUG_INFORMATION_FORMAT = dwarf;
				ENABLE_STRICT_OBJC_MSGSEND = YES;
				ENABLE_TESTABILITY = YES;
				GCC_C_LANGUAGE_STANDARD = gnu11;
				GCC_DYNAMIC_NO_PIC = NO;
				GCC_NO_COMMON_BLOCKS = YES;
				GCC_OPTIMIZATION_LEVEL = 0;
				GCC_PREPROCESSOR_DEFINITIONS = (
					"DEBUG=1",
					"$(inherited)",
				);
				GCC_WARN_64_TO_32_BIT_CONVERSION = YES;
				GCC_WARN_ABOUT_RETURN_TYPE = YES_ERROR;
				GCC_WARN_UNDECLARED_SELECTOR = YES;
				GCC_WARN_UNINITIALIZED_AUTOS = YES_AGGRESSIVE;
				GCC_WARN_UNUSED_FUNCTION = YES;
				GCC_WARN_UNUSED_VARIABLE = YES;
				IPHONEOS_DEPLOYMENT_TARGET = 11.0;
				MTL_ENABLE_DEBUG_INFO = INCLUDE_SOURCE;
				MTL_FAST_MATH = YES;
				ONLY_ACTIVE_ARCH = YES;
				SDKROOT = iphoneos;
				SWIFT_ACTIVE_COMPILATION_CONDITIONS = DEBUG;
				SWIFT_OPTIMIZATION_LEVEL = "-Onone";
			};
			name = Debug;
		};
		CECD8D0027E4EF8F0096ACBB /* Release */ = {
			isa = XCBuildConfiguration;
			buildSettings = {
				ALWAYS_SEARCH_USER_PATHS = NO;
				CLANG_ANALYZER_NONNULL = YES;
				CLANG_ANALYZER_NUMBER_OBJECT_CONVERSION = YES_AGGRESSIVE;
				CLANG_CXX_LANGUAGE_STANDARD = "gnu++17";
				CLANG_CXX_LIBRARY = "libc++";
				CLANG_ENABLE_MODULES = YES;
				CLANG_ENABLE_OBJC_ARC = YES;
				CLANG_ENABLE_OBJC_WEAK = YES;
				CLANG_WARN_BLOCK_CAPTURE_AUTORELEASING = YES;
				CLANG_WARN_BOOL_CONVERSION = YES;
				CLANG_WARN_COMMA = YES;
				CLANG_WARN_CONSTANT_CONVERSION = YES;
				CLANG_WARN_DEPRECATED_OBJC_IMPLEMENTATIONS = YES;
				CLANG_WARN_DIRECT_OBJC_ISA_USAGE = YES_ERROR;
				CLANG_WARN_DOCUMENTATION_COMMENTS = YES;
				CLANG_WARN_EMPTY_BODY = YES;
				CLANG_WARN_ENUM_CONVERSION = YES;
				CLANG_WARN_INFINITE_RECURSION = YES;
				CLANG_WARN_INT_CONVERSION = YES;
				CLANG_WARN_NON_LITERAL_NULL_CONVERSION = YES;
				CLANG_WARN_OBJC_IMPLICIT_RETAIN_SELF = YES;
				CLANG_WARN_OBJC_LITERAL_CONVERSION = YES;
				CLANG_WARN_OBJC_ROOT_CLASS = YES_ERROR;
				CLANG_WARN_QUOTED_INCLUDE_IN_FRAMEWORK_HEADER = YES;
				CLANG_WARN_RANGE_LOOP_ANALYSIS = YES;
				CLANG_WARN_STRICT_PROTOTYPES = YES;
				CLANG_WARN_SUSPICIOUS_MOVE = YES;
				CLANG_WARN_UNGUARDED_AVAILABILITY = YES_AGGRESSIVE;
				CLANG_WARN_UNREACHABLE_CODE = YES;
				CLANG_WARN__DUPLICATE_METHOD_MATCH = YES;
				COPY_PHASE_STRIP = NO;
				DEBUG_INFORMATION_FORMAT = "dwarf-with-dsym";
				ENABLE_NS_ASSERTIONS = NO;
				ENABLE_STRICT_OBJC_MSGSEND = YES;
				GCC_C_LANGUAGE_STANDARD = gnu11;
				GCC_NO_COMMON_BLOCKS = YES;
				GCC_WARN_64_TO_32_BIT_CONVERSION = YES;
				GCC_WARN_ABOUT_RETURN_TYPE = YES_ERROR;
				GCC_WARN_UNDECLARED_SELECTOR = YES;
				GCC_WARN_UNINITIALIZED_AUTOS = YES_AGGRESSIVE;
				GCC_WARN_UNUSED_FUNCTION = YES;
				GCC_WARN_UNUSED_VARIABLE = YES;
				IPHONEOS_DEPLOYMENT_TARGET = 11.0;
				MTL_ENABLE_DEBUG_INFO = NO;
				MTL_FAST_MATH = YES;
				SDKROOT = iphoneos;
				SWIFT_COMPILATION_MODE = wholemodule;
				SWIFT_OPTIMIZATION_LEVEL = "-O";
				VALIDATE_PRODUCT = YES;
			};
			name = Release;
		};
		CECD8D0227E4EF8F0096ACBB /* Debug */ = {
			isa = XCBuildConfiguration;
			buildSettings = {
				ASSETCATALOG_COMPILER_APPICON_NAME = AppIcon;
				ASSETCATALOG_COMPILER_GLOBAL_ACCENT_COLOR_NAME = AccentColor;
				CODE_SIGN_STYLE = Automatic;
				CURRENT_PROJECT_VERSION = 1;
				DEVELOPMENT_TEAM = 6L662LY2PK;
				GENERATE_INFOPLIST_FILE = YES;
				INFOPLIST_FILE = WeGoTrip/Info.plist;
				INFOPLIST_KEY_UIApplicationSupportsIndirectInputEvents = YES;
				INFOPLIST_KEY_UILaunchStoryboardName = LaunchScreen;
				INFOPLIST_KEY_UIMainStoryboardFile = Main;
				INFOPLIST_KEY_UISupportedInterfaceOrientations_iPad = "UIInterfaceOrientationPortrait UIInterfaceOrientationPortraitUpsideDown UIInterfaceOrientationLandscapeLeft UIInterfaceOrientationLandscapeRight";
				INFOPLIST_KEY_UISupportedInterfaceOrientations_iPhone = "UIInterfaceOrientationPortrait UIInterfaceOrientationLandscapeLeft UIInterfaceOrientationLandscapeRight";
				LD_RUNPATH_SEARCH_PATHS = (
					"$(inherited)",
					"@executable_path/Frameworks",
				);
				MARKETING_VERSION = 1.0;
				PRODUCT_BUNDLE_IDENTIFIER = wegotrip.yekaterina.tyan.WeGoTrip;
				PRODUCT_NAME = "$(TARGET_NAME)";
				SWIFT_EMIT_LOC_STRINGS = YES;
				SWIFT_VERSION = 4.2;
				TARGETED_DEVICE_FAMILY = "1,2";
			};
			name = Debug;
		};
		CECD8D0327E4EF8F0096ACBB /* Release */ = {
			isa = XCBuildConfiguration;
			buildSettings = {
				ASSETCATALOG_COMPILER_APPICON_NAME = AppIcon;
				ASSETCATALOG_COMPILER_GLOBAL_ACCENT_COLOR_NAME = AccentColor;
				CODE_SIGN_STYLE = Automatic;
				CURRENT_PROJECT_VERSION = 1;
				DEVELOPMENT_TEAM = 6L662LY2PK;
				GENERATE_INFOPLIST_FILE = YES;
				INFOPLIST_FILE = WeGoTrip/Info.plist;
				INFOPLIST_KEY_UIApplicationSupportsIndirectInputEvents = YES;
				INFOPLIST_KEY_UILaunchStoryboardName = LaunchScreen;
				INFOPLIST_KEY_UIMainStoryboardFile = Main;
				INFOPLIST_KEY_UISupportedInterfaceOrientations_iPad = "UIInterfaceOrientationPortrait UIInterfaceOrientationPortraitUpsideDown UIInterfaceOrientationLandscapeLeft UIInterfaceOrientationLandscapeRight";
				INFOPLIST_KEY_UISupportedInterfaceOrientations_iPhone = "UIInterfaceOrientationPortrait UIInterfaceOrientationLandscapeLeft UIInterfaceOrientationLandscapeRight";
				LD_RUNPATH_SEARCH_PATHS = (
					"$(inherited)",
					"@executable_path/Frameworks",
				);
				MARKETING_VERSION = 1.0;
				PRODUCT_BUNDLE_IDENTIFIER = wegotrip.yekaterina.tyan.WeGoTrip;
				PRODUCT_NAME = "$(TARGET_NAME)";
				SWIFT_EMIT_LOC_STRINGS = YES;
				SWIFT_VERSION = 4.2;
				TARGETED_DEVICE_FAMILY = "1,2";
			};
			name = Release;
		};
/* End XCBuildConfiguration section */

/* Begin XCConfigurationList section */
		CECD8CE527E4EF8B0096ACBB /* Build configuration list for PBXProject "WeGoTrip" */ = {
			isa = XCConfigurationList;
			buildConfigurations = (
				CECD8CFF27E4EF8F0096ACBB /* Debug */,
				CECD8D0027E4EF8F0096ACBB /* Release */,
			);
			defaultConfigurationIsVisible = 0;
			defaultConfigurationName = Release;
		};
		CECD8D0127E4EF8F0096ACBB /* Build configuration list for PBXNativeTarget "WeGoTrip" */ = {
			isa = XCConfigurationList;
			buildConfigurations = (
				CECD8D0227E4EF8F0096ACBB /* Debug */,
				CECD8D0327E4EF8F0096ACBB /* Release */,
			);
			defaultConfigurationIsVisible = 0;
			defaultConfigurationName = Release;
		};
/* End XCConfigurationList section */

/* Begin XCVersionGroup section */
		CECD8CF627E4EF8B0096ACBB /* WeGoTrip.xcdatamodeld */ = {
			isa = XCVersionGroup;
			children = (
				CECD8CF727E4EF8B0096ACBB /* WeGoTrip.xcdatamodel */,
			);
			currentVersion = CECD8CF727E4EF8B0096ACBB /* WeGoTrip.xcdatamodel */;
			path = WeGoTrip.xcdatamodeld;
			sourceTree = "<group>";
			versionGroupType = wrapper.xcdatamodel;
		};
/* End XCVersionGroup section */
	};
	rootObject = CECD8CE227E4EF8B0096ACBB /* Project object */;
}
